
Microsoft Visual Studio Solution File, Format Version 12.00
# Visual Studio Version 17
VisualStudioVersion = 17.7.34031.279
MinimumVisualStudioVersion = 10.0.40219.1
Project("{FAE04EC0-301F-11D3-BF4B-00C04F79EFBC}") = "ConsoleAppAndLoops", "ConsoleAppAndLoops.csproj", "{B384EA8A-1456-428E-8AD5-C85A82BDD54E}"
EndProject
Global
	GlobalSection(SolutionConfigurationPlatforms) = preSolution
		Debug|Any CPU = Debug|Any CPU
		Release|Any CPU = Release|Any CPU
	EndGlobalSection
	GlobalSection(ProjectConfigurationPlatforms) = postSolution
		{B384EA8A-1456-428E-8AD5-C85A82BDD54E}.Debug|Any CPU.ActiveCfg = Debug|Any CPU
		{B384EA8A-1456-428E-8AD5-C85A82BDD54E}.Debug|Any CPU.Build.0 = Debug|Any CPU
		{B384EA8A-1456-428E-8AD5-C85A82BDD54E}.Release|Any CPU.ActiveCfg = Release|Any CPU
		{B384EA8A-1456-428E-8AD5-C85A82BDD54E}.Release|Any CPU.Build.0 = Release|Any CPU
	EndGlobalSection
	GlobalSection(SolutionProperties) = preSolution
		HideSolutionNode = FALSE
	EndGlobalSection
	GlobalSection(ExtensibilityGlobals) = postSolution
		SolutionGuid = {C2A3C2E6-7BAD-4B61-B827-5E99000F14ED}
	EndGlobalSection
EndGlobal
